<?xml version="1.0" encoding="utf-8"?>
<Project ToolsVersion="4.0" xmlns="http://schemas.microsoft.com/developer/msbuild/2003">
  <ItemGroup>
    <Filter Include="core">
      <UniqueIdentifier>{4E40957C-3A77-960D-E363-7C10CF79120F}</UniqueIdentifier>
    </Filter>
    <Filter Include="core\Input">
      <UniqueIdentifier>{CD72CD4E-B92A-0F9C-2232-E8F70E09AA8C}</UniqueIdentifier>
    </Filter>
    <Filter Include="core\components">
      <UniqueIdentifier>{C3BC72F5-2F48-E0B9-3859-63AEA4633CBA}</UniqueIdentifier>
    </Filter>
    <Filter Include="core\datasystem">
      <UniqueIdentifier>{9CD7F597-0863-635C-1174-E6507D7EBF5C}</UniqueIdentifier>
    </Filter>
    <Filter Include="core\entity">
      <UniqueIdentifier>{FA3CCE69-66F2-465F-EFE6-40365B9B3D63}</UniqueIdentifier>
    </Filter>
    <Filter Include="core\entity\entities">
      <UniqueIdentifier>{0E2B7F80-FAB9-084A-A3D8-1C458F4619F0}</UniqueIdentifier>
    </Filter>
    <Filter Include="core\subsystem">
      <UniqueIdentifier>{CC4E2D63-B81C-2169-A1B0-918F8D1DFDCD}</UniqueIdentifier>
    </Filter>
    <Filter Include="core\subsystem\systems">
      <UniqueIdentifier>{F348E714-DF42-1067-C8AF-A677B44876D3}</UniqueIdentifier>
    </Filter>
    <Filter Include="imgui">
      <UniqueIdentifier>{0098A80F-6CAC-D0C0-352E-7420A101CDF1}</UniqueIdentifier>
    </Filter>
  </ItemGroup>
  <ItemGroup>
    <ClInclude Include="..\..\..\source\core\Engine.h">
      <Filter>core</Filter>
    </ClInclude>
    <ClInclude Include="..\..\..\source\core\Input\Input.h">
      <Filter>core\Input</Filter>
    </ClInclude>
    <ClInclude Include="..\..\..\source\core\Timer.h">
      <Filter>core</Filter>
    </ClInclude>
    <ClInclude Include="..\..\..\source\core\Window.h">
      <Filter>core</Filter>
    </ClInclude>
    <ClInclude Include="..\..\..\source\core\components\CameraComponent.h">
      <Filter>core\components</Filter>
    </ClInclude>
    <ClInclude Include="..\..\..\source\core\components\LightComponent.h">
      <Filter>core\components</Filter>
    </ClInclude>
    <ClInclude Include="..\..\..\source\core\components\ModelComponent.h">
      <Filter>core\components</Filter>
    </ClInclude>
    <ClInclude Include="..\..\..\source\core\components\PlacementComponent.h">
      <Filter>core\components</Filter>
    </ClInclude>
    <ClInclude Include="..\..\..\source\core\components\RigidBodyComponent.h">
      <Filter>core\components</Filter>
    </ClInclude>
    <ClInclude Include="..\..\..\source\core\datasystem\ComponentBuffer.h">
      <Filter>core\datasystem</Filter>
    </ClInclude>
    <ClInclude Include="..\..\..\source\core\datasystem\ComponentManager.h">
      <Filter>core\datasystem</Filter>
    </ClInclude>
    <ClInclude Include="..\..\..\source\core\entity\Entity.h">
      <Filter>core\entity</Filter>
    </ClInclude>
    <ClInclude Include="..\..\..\source\core\entity\EntityFactory.h">
      <Filter>core\entity</Filter>
    </ClInclude>
    <ClInclude Include="..\..\..\source\core\entity\EntityManager.h">
      <Filter>core\entity</Filter>
    </ClInclude>
    <ClInclude Include="..\..\..\source\core\subsystem\SubSystem.h">
      <Filter>core\subsystem</Filter>
    </ClInclude>
    <ClInclude Include="..\..\..\source\core\subsystem\SubSystemSet.h">
      <Filter>core\subsystem</Filter>
    </ClInclude>
    <ClInclude Include="..\..\..\source\core\subsystem\systems\SSBullet.h">
      <Filter>core\subsystem\systems</Filter>
    </ClInclude>
    <ClInclude Include="..\..\..\source\core\subsystem\systems\SSCamera.h">
      <Filter>core\subsystem\systems</Filter>
    </ClInclude>
    <ClInclude Include="..\..\..\source\core\subsystem\systems\SSGraphics.h">
      <Filter>core\subsystem\systems</Filter>
    </ClInclude>
    <ClInclude Include="..\..\..\source\core\subsystem\systems\SSMusic.h">
      <Filter>core\subsystem\systems</Filter>
    </ClInclude>
    <ClInclude Include="..\..\..\source\core\subsystem\systems\SSPhysics.h">
      <Filter>core\subsystem\systems</Filter>
    </ClInclude>
    <ClInclude Include="..\..\..\source\core\subsystem\systems\SSStartup.h">
      <Filter>core\subsystem\systems</Filter>
    </ClInclude>
    <ClInclude Include="..\..\..\source\imgui\imconfig.h">
      <Filter>imgui</Filter>
    </ClInclude>
    <ClInclude Include="..\..\..\source\imgui\imgui.h">
      <Filter>imgui</Filter>
    </ClInclude>
    <ClInclude Include="..\..\..\source\imgui\imgui_impl_glfw_gl3.h">
      <Filter>imgui</Filter>
    </ClInclude>
    <ClInclude Include="..\..\..\source\imgui\imgui_internal.h">
      <Filter>imgui</Filter>
    </ClInclude>
    <ClInclude Include="..\..\..\source\imgui\stb_rect_pack.h">
      <Filter>imgui</Filter>
    </ClInclude>
    <ClInclude Include="..\..\..\source\imgui\stb_textedit.h">
      <Filter>imgui</Filter>
    </ClInclude>
    <ClInclude Include="..\..\..\source\imgui\stb_truetype.h">
      <Filter>imgui</Filter>
    </ClInclude>
  </ItemGroup>
  <ItemGroup>
    <ClCompile Include="..\..\..\source\core\Engine.cpp">
      <Filter>core</Filter>
    </ClCompile>
    <ClCompile Include="..\..\..\source\core\Input\Input.cpp">
      <Filter>core\Input</Filter>
    </ClCompile>
    <ClCompile Include="..\..\..\source\core\Timer.cpp">
      <Filter>core</Filter>
    </ClCompile>
    <ClCompile Include="..\..\..\source\core\Window.cpp">
      <Filter>core</Filter>
    </ClCompile>
    <ClCompile Include="..\..\..\source\core\components\CameraComponent.cpp">
      <Filter>core\components</Filter>
    </ClCompile>
    <ClCompile Include="..\..\..\source\core\components\LightComponent.cpp">
      <Filter>core\components</Filter>
    </ClCompile>
    <ClCompile Include="..\..\..\source\core\components\ModelComponent.cpp">
      <Filter>core\components</Filter>
    </ClCompile>
    <ClCompile Include="..\..\..\source\core\components\PlacementComponent.cpp">
      <Filter>core\components</Filter>
    </ClCompile>
    <ClCompile Include="..\..\..\source\core\components\RigidBodyComponent.cpp">
      <Filter>core\components</Filter>
    </ClCompile>
    <ClCompile Include="..\..\..\source\core\datasystem\ComponentManager.cpp">
      <Filter>core\datasystem</Filter>
    </ClCompile>
    <ClCompile Include="..\..\..\source\core\entity\EntityFactory.cpp">
      <Filter>core\entity</Filter>
    </ClCompile>
    <ClCompile Include="..\..\..\source\core\entity\EntityManager.cpp">
      <Filter>core\entity</Filter>
    </ClCompile>
    <ClCompile Include="..\..\..\source\core\entity\entities\CubeEntity.cpp">
      <Filter>core\entity\entities</Filter>
    </ClCompile>
    <ClCompile Include="..\..\..\source\core\main.cpp">
      <Filter>core</Filter>
    </ClCompile>
    <ClCompile Include="..\..\..\source\core\subsystem\SubSystemSet.cpp">
      <Filter>core\subsystem</Filter>
    </ClCompile>
    <ClCompile Include="..\..\..\source\core\subsystem\systems\SSBullet.cpp">
      <Filter>core\subsystem\systems</Filter>
    </ClCompile>
    <ClCompile Include="..\..\..\source\core\subsystem\systems\SSCamera.cpp">
      <Filter>core\subsystem\systems</Filter>
    </ClCompile>
    <ClCompile Include="..\..\..\source\core\subsystem\systems\SSGraphics.cpp">
      <Filter>core\subsystem\systems</Filter>
    </ClCompile>
    <ClCompile Include="..\..\..\source\core\subsystem\systems\SSMusic.cpp">
      <Filter>core\subsystem\systems</Filter>
    </ClCompile>
    <ClCompile Include="..\..\..\source\core\subsystem\systems\SSPhysics.cpp">
      <Filter>core\subsystem\systems</Filter>
    </ClCompile>
    <ClCompile Include="..\..\..\source\core\subsystem\systems\SSStartup.cpp">
      <Filter>core\subsystem\systems</Filter>
    </ClCompile>
    <ClCompile Include="..\..\..\source\imgui\imgui.cpp">
      <Filter>imgui</Filter>
    </ClCompile>
    <ClCompile Include="..\..\..\source\imgui\imgui_draw.cpp">
      <Filter>imgui</Filter>
    </ClCompile>
    <ClCompile Include="..\..\..\source\imgui\imgui_impl_glfw_gl3.cpp">
      <Filter>imgui</Filter>
    </ClCompile>
  </ItemGroup>
</Project>