
Microsoft Visual Studio Solution File, Format Version 12.00
# Visual Studio 2015
Project("{8BC9CEB8-8B4A-11D0-8D11-00A0C91BC942}") = "CORE", "projects\CORE.vcxproj", "{CE27837C-BA5E-840D-634B-6A104F61000F}"
EndProject
Project("{8BC9CEB8-8B4A-11D0-8D11-00A0C91BC942}") = "GFX_GL", "projects\GFX_GL.vcxproj", "{9CDBA1B2-887D-CC88-7138-E0DC5D7953D9}"
EndProject
Project("{8BC9CEB8-8B4A-11D0-8D11-00A0C91BC942}") = "PHYSICS", "projects\PHYSICS.vcxproj", "{C84E5FC0-342E-DE5B-3D46-6932A9A444BD}"
EndProject
Project("{8BC9CEB8-8B4A-11D0-8D11-00A0C91BC942}") = "SOUND", "projects\SOUND.vcxproj", "{CEB7090E-3ACC-31BF-034E-D51E6F212EF0}"
EndProject
Project("{8BC9CEB8-8B4A-11D0-8D11-00A0C91BC942}") = "UTILITY", "projects\UTILITY.vcxproj", "{99091B5C-05E9-99F7-0E01-25CE7A5F0059}"
EndProject
Global
	GlobalSection(SolutionConfigurationPlatforms) = preSolution
		Debug|x64 = Debug|x64
		Release|x64 = Release|x64
	EndGlobalSection
	GlobalSection(ProjectConfigurationPlatforms) = postSolution
		{CE27837C-BA5E-840D-634B-6A104F61000F}.Debug|x64.ActiveCfg = Debug|x64
		{CE27837C-BA5E-840D-634B-6A104F61000F}.Debug|x64.Build.0 = Debug|x64
		{CE27837C-BA5E-840D-634B-6A104F61000F}.Release|x64.ActiveCfg = Release|x64
		{CE27837C-BA5E-840D-634B-6A104F61000F}.Release|x64.Build.0 = Release|x64
		{9CDBA1B2-887D-CC88-7138-E0DC5D7953D9}.Debug|x64.ActiveCfg = Debug|x64
		{9CDBA1B2-887D-CC88-7138-E0DC5D7953D9}.Debug|x64.Build.0 = Debug|x64
		{9CDBA1B2-887D-CC88-7138-E0DC5D7953D9}.Release|x64.ActiveCfg = Release|x64
		{9CDBA1B2-887D-CC88-7138-E0DC5D7953D9}.Release|x64.Build.0 = Release|x64
		{C84E5FC0-342E-DE5B-3D46-6932A9A444BD}.Debug|x64.ActiveCfg = Debug|x64
		{C84E5FC0-342E-DE5B-3D46-6932A9A444BD}.Debug|x64.Build.0 = Debug|x64
		{C84E5FC0-342E-DE5B-3D46-6932A9A444BD}.Release|x64.ActiveCfg = Release|x64
		{C84E5FC0-342E-DE5B-3D46-6932A9A444BD}.Release|x64.Build.0 = Release|x64
		{CEB7090E-3ACC-31BF-034E-D51E6F212EF0}.Debug|x64.ActiveCfg = Debug|x64
		{CEB7090E-3ACC-31BF-034E-D51E6F212EF0}.Debug|x64.Build.0 = Debug|x64
		{CEB7090E-3ACC-31BF-034E-D51E6F212EF0}.Release|x64.ActiveCfg = Release|x64
		{CEB7090E-3ACC-31BF-034E-D51E6F212EF0}.Release|x64.Build.0 = Release|x64
		{99091B5C-05E9-99F7-0E01-25CE7A5F0059}.Debug|x64.ActiveCfg = Debug|x64
		{99091B5C-05E9-99F7-0E01-25CE7A5F0059}.Debug|x64.Build.0 = Debug|x64
		{99091B5C-05E9-99F7-0E01-25CE7A5F0059}.Release|x64.ActiveCfg = Release|x64
		{99091B5C-05E9-99F7-0E01-25CE7A5F0059}.Release|x64.Build.0 = Release|x64
	EndGlobalSection
	GlobalSection(SolutionProperties) = preSolution
		HideSolutionNode = FALSE
	EndGlobalSection
EndGlobal
