
Microsoft Visual Studio Solution File, Format Version 12.00
# Visual Studio 2015
Project("{8BC9CEB8-8B4A-11D0-8D11-00A0C91BC942}") = "CORE", "projects\CORE.vcxproj", "{CE27837C-BA5E-840D-634B-6A104F61000F}"
	ProjectSection(ProjectDependencies) = postProject
		{4AEA870B-B6F3-877C-3F6F-9E7CAB77937C} = {4AEA870B-B6F3-877C-3F6F-9E7CAB77937C}
		{C84E5FC0-342E-DE5B-3D46-6932A9A444BD} = {C84E5FC0-342E-DE5B-3D46-6932A9A444BD}
	EndProjectSection
EndProject
Project("{8BC9CEB8-8B4A-11D0-8D11-00A0C91BC942}") = "GFX", "projects\GFX.vcxproj", "{4AEA870B-B6F3-877C-3F6F-9E7CAB77937C}"
EndProject
Project("{8BC9CEB8-8B4A-11D0-8D11-00A0C91BC942}") = "PHYSICS", "projects\PHYSICS.vcxproj", "{C84E5FC0-342E-DE5B-3D46-6932A9A444BD}"
EndProject
Global
	GlobalSection(SolutionConfigurationPlatforms) = preSolution
		Debug|x64 = Debug|x64
		Release|x64 = Release|x64
	EndGlobalSection
	GlobalSection(ProjectConfigurationPlatforms) = postSolution
		{CE27837C-BA5E-840D-634B-6A104F61000F}.Debug|x64.ActiveCfg = Debug|x64
		{CE27837C-BA5E-840D-634B-6A104F61000F}.Debug|x64.Build.0 = Debug|x64
		{CE27837C-BA5E-840D-634B-6A104F61000F}.Release|x64.ActiveCfg = Release|x64
		{CE27837C-BA5E-840D-634B-6A104F61000F}.Release|x64.Build.0 = Release|x64
		{4AEA870B-B6F3-877C-3F6F-9E7CAB77937C}.Debug|x64.ActiveCfg = Debug|x64
		{4AEA870B-B6F3-877C-3F6F-9E7CAB77937C}.Debug|x64.Build.0 = Debug|x64
		{4AEA870B-B6F3-877C-3F6F-9E7CAB77937C}.Release|x64.ActiveCfg = Release|x64
		{4AEA870B-B6F3-877C-3F6F-9E7CAB77937C}.Release|x64.Build.0 = Release|x64
		{C84E5FC0-342E-DE5B-3D46-6932A9A444BD}.Debug|x64.ActiveCfg = Debug|x64
		{C84E5FC0-342E-DE5B-3D46-6932A9A444BD}.Debug|x64.Build.0 = Debug|x64
		{C84E5FC0-342E-DE5B-3D46-6932A9A444BD}.Release|x64.ActiveCfg = Release|x64
		{C84E5FC0-342E-DE5B-3D46-6932A9A444BD}.Release|x64.Build.0 = Release|x64
	EndGlobalSection
	GlobalSection(SolutionProperties) = preSolution
		HideSolutionNode = FALSE
	EndGlobalSection
EndGlobal
